// !$*UTF8*$!
{
	archiveVersion = 1;
	classes = {
	};
	objectVersion = 50;
	objects = {

/* Begin PBXBuildFile section */
		DAFE7E9622B7FBAC00A13051 /* AppDelegate.m in Sources */ = {isa = PBXBuildFile; fileRef = DAFE7E9522B7FBAC00A13051 /* AppDelegate.m */; };
		DAFE7E9922B7FBAC00A13051 /* ViewController.m in Sources */ = {isa = PBXBuildFile; fileRef = DAFE7E9822B7FBAC00A13051 /* ViewController.m */; };
		DAFE7E9C22B7FBAC00A13051 /* Main.storyboard in Resources */ = {isa = PBXBuildFile; fileRef = DAFE7E9A22B7FBAC00A13051 /* Main.storyboard */; };
		DAFE7E9E22B7FBAE00A13051 /* Assets.xcassets in Resources */ = {isa = PBXBuildFile; fileRef = DAFE7E9D22B7FBAE00A13051 /* Assets.xcassets */; };
		DAFE7EA122B7FBAE00A13051 /* LaunchScreen.storyboard in Resources */ = {isa = PBXBuildFile; fileRef = DAFE7E9F22B7FBAE00A13051 /* LaunchScreen.storyboard */; };
		DAFE7EA422B7FBAE00A13051 /* main.m in Sources */ = {isa = PBXBuildFile; fileRef = DAFE7EA322B7FBAE00A13051 /* main.m */; };
		DAFE7EAE22B7FBAE00A13051 /* ShoppingBucketTests.m in Sources */ = {isa = PBXBuildFile; fileRef = DAFE7EAD22B7FBAE00A13051 /* ShoppingBucketTests.m */; };
		DAFE7EB922B7FBAE00A13051 /* ShoppingBucketUITests.m in Sources */ = {isa = PBXBuildFile; fileRef = DAFE7EB822B7FBAE00A13051 /* ShoppingBucketUITests.m */; };
		DAFE7ECB22B8724400A13051 /* Bucket.m in Sources */ = {isa = PBXBuildFile; fileRef = DAFE7ECA22B8724400A13051 /* Bucket.m */; };
		DAFE7F2122B87BEF00A13051 /* shopData.plist in Resources */ = {isa = PBXBuildFile; fileRef = DAFE7F2022B87BEF00A13051 /* shopData.plist */; };
/* End PBXBuildFile section */

/* Begin PBXContainerItemProxy section */
		DAFE7EAA22B7FBAE00A13051 /* PBXContainerItemProxy */ = {
			isa = PBXContainerItemProxy;
			containerPortal = DAFE7E8922B7FBAC00A13051 /* Project object */;
			proxyType = 1;
			remoteGlobalIDString = DAFE7E9022B7FBAC00A13051;
			remoteInfo = ShoppingBucket;
		};
		DAFE7EB522B7FBAE00A13051 /* PBXContainerItemProxy */ = {
			isa = PBXContainerItemProxy;
			containerPortal = DAFE7E8922B7FBAC00A13051 /* Project object */;
			proxyType = 1;
			remoteGlobalIDString = DAFE7E9022B7FBAC00A13051;
			remoteInfo = ShoppingBucket;
		};
/* End PBXContainerItemProxy section */

/* Begin PBXFileReference section */
		DAFE7E9122B7FBAC00A13051 /* ShoppingBucket.app */ = {isa = PBXFileReference; explicitFileType = wrapper.application; includeInIndex = 0; path = ShoppingBucket.app; sourceTree = BUILT_PRODUCTS_DIR; };
		DAFE7E9422B7FBAC00A13051 /* AppDelegate.h */ = {isa = PBXFileReference; lastKnownFileType = sourcecode.c.h; path = AppDelegate.h; sourceTree = "<group>"; };
		DAFE7E9522B7FBAC00A13051 /* AppDelegate.m */ = {isa = PBXFileReference; lastKnownFileType = sourcecode.c.objc; path = AppDelegate.m; sourceTree = "<group>"; };
		DAFE7E9722B7FBAC00A13051 /* ViewController.h */ = {isa = PBXFileReference; lastKnownFileType = sourcecode.c.h; path = ViewController.h; sourceTree = "<group>"; };
		DAFE7E9822B7FBAC00A13051 /* ViewController.m */ = {isa = PBXFileReference; lastKnownFileType = sourcecode.c.objc; path = ViewController.m; sourceTree = "<group>"; };
		DAFE7E9B22B7FBAC00A13051 /* Base */ = {isa = PBXFileReference; lastKnownFileType = file.storyboard; name = Base; path = Base.lproj/Main.storyboard; sourceTree = "<group>"; };
		DAFE7E9D22B7FBAE00A13051 /* Assets.xcassets */ = {isa = PBXFileReference; lastKnownFileType = folder.assetcatalog; path = Assets.xcassets; sourceTree = "<group>"; };
		DAFE7EA022B7FBAE00A13051 /* Base */ = {isa = PBXFileReference; lastKnownFileType = file.storyboard; name = Base; path = Base.lproj/LaunchScreen.storyboard; sourceTree = "<group>"; };
		DAFE7EA222B7FBAE00A13051 /* Info.plist */ = {isa = PBXFileReference; lastKnownFileType = text.plist.xml; path = Info.plist; sourceTree = "<group>"; };
		DAFE7EA322B7FBAE00A13051 /* main.m */ = {isa = PBXFileReference; lastKnownFileType = sourcecode.c.objc; path = main.m; sourceTree = "<group>"; };
		DAFE7EA922B7FBAE00A13051 /* ShoppingBucketTests.xctest */ = {isa = PBXFileReference; explicitFileType = wrapper.cfbundle; includeInIndex = 0; path = ShoppingBucketTests.xctest; sourceTree = BUILT_PRODUCTS_DIR; };
		DAFE7EAD22B7FBAE00A13051 /* ShoppingBucketTests.m */ = {isa = PBXFileReference; lastKnownFileType = sourcecode.c.objc; path = ShoppingBucketTests.m; sourceTree = "<group>"; };
		DAFE7EAF22B7FBAE00A13051 /* Info.plist */ = {isa = PBXFileReference; lastKnownFileType = text.plist.xml; path = Info.plist; sourceTree = "<group>"; };
		DAFE7EB422B7FBAE00A13051 /* ShoppingBucketUITests.xctest */ = {isa = PBXFileReference; explicitFileType = wrapper.cfbundle; includeInIndex = 0; path = ShoppingBucketUITests.xctest; sourceTree = BUILT_PRODUCTS_DIR; };
		DAFE7EB822B7FBAE00A13051 /* ShoppingBucketUITests.m */ = {isa = PBXFileReference; lastKnownFileType = sourcecode.c.objc; path = ShoppingBucketUITests.m; sourceTree = "<group>"; };
		DAFE7EBA22B7FBAE00A13051 /* Info.plist */ = {isa = PBXFileReference; lastKnownFileType = text.plist.xml; path = Info.plist; sourceTree = "<group>"; };
		DAFE7EC922B8724400A13051 /* Bucket.h */ = {isa = PBXFileReference; lastKnownFileType = sourcecode.c.h; path = Bucket.h; sourceTree = "<group>"; };
		DAFE7ECA22B8724400A13051 /* Bucket.m */ = {isa = PBXFileReference; lastKnownFileType = sourcecode.c.objc; path = Bucket.m; sourceTree = "<group>"; };
		DAFE7F2022B87BEF00A13051 /* shopData.plist */ = {isa = PBXFileReference; fileEncoding = 4; lastKnownFileType = text.plist.xml; path = shopData.plist; sourceTree = "<group>"; };
/* End PBXFileReference section */

/* Begin PBXFrameworksBuildPhase section */
		DAFE7E8E22B7FBAC00A13051 /* Frameworks */ = {
			isa = PBXFrameworksBuildPhase;
			buildActionMask = 2147483647;
			files = (
			);
			runOnlyForDeploymentPostprocessing = 0;
		};
		DAFE7EA622B7FBAE00A13051 /* Frameworks */ = {
			isa = PBXFrameworksBuildPhase;
			buildActionMask = 2147483647;
			files = (
			);
			runOnlyForDeploymentPostprocessing = 0;
		};
		DAFE7EB122B7FBAE00A13051 /* Frameworks */ = {
			isa = PBXFrameworksBuildPhase;
			buildActionMask = 2147483647;
			files = (
			);
			runOnlyForDeploymentPostprocessing = 0;
		};
/* End PBXFrameworksBuildPhase section */

/* Begin PBXGroup section */
		DAFE7E8822B7FBAC00A13051 = {
			isa = PBXGroup;
			children = (
				DAFE7E9322B7FBAC00A13051 /* ShoppingBucket */,
				DAFE7EAC22B7FBAE00A13051 /* ShoppingBucketTests */,
				DAFE7EB722B7FBAE00A13051 /* ShoppingBucketUITests */,
				DAFE7E9222B7FBAC00A13051 /* Products */,
			);
			sourceTree = "<group>";
		};
		DAFE7E9222B7FBAC00A13051 /* Products */ = {
			isa = PBXGroup;
			children = (
				DAFE7E9122B7FBAC00A13051 /* ShoppingBucket.app */,
				DAFE7EA922B7FBAE00A13051 /* ShoppingBucketTests.xctest */,
				DAFE7EB422B7FBAE00A13051 /* ShoppingBucketUITests.xctest */,
			);
			name = Products;
			sourceTree = "<group>";
		};
		DAFE7E9322B7FBAC00A13051 /* ShoppingBucket */ = {
			isa = PBXGroup;
			children = (
				DAFE7E9422B7FBAC00A13051 /* AppDelegate.h */,
				DAFE7E9522B7FBAC00A13051 /* AppDelegate.m */,
				DAFE7E9722B7FBAC00A13051 /* ViewController.h */,
				DAFE7E9822B7FBAC00A13051 /* ViewController.m */,
				DAFE7EC922B8724400A13051 /* Bucket.h */,
				DAFE7ECA22B8724400A13051 /* Bucket.m */,
				DAFE7E9A22B7FBAC00A13051 /* Main.storyboard */,
				DAFE7E9D22B7FBAE00A13051 /* Assets.xcassets */,
				DAFE7E9F22B7FBAE00A13051 /* LaunchScreen.storyboard */,
				DAFE7EA222B7FBAE00A13051 /* Info.plist */,
				DAFE7F2022B87BEF00A13051 /* shopData.plist */,
				DAFE7EA322B7FBAE00A13051 /* main.m */,
			);
			path = ShoppingBucket;
			sourceTree = "<group>";
		};
		DAFE7EAC22B7FBAE00A13051 /* ShoppingBucketTests */ = {
			isa = PBXGroup;
			children = (
				DAFE7EAD22B7FBAE00A13051 /* ShoppingBucketTests.m */,
				DAFE7EAF22B7FBAE00A13051 /* Info.plist */,
			);
			path = ShoppingBucketTests;
			sourceTree = "<group>";
		};
		DAFE7EB722B7FBAE00A13051 /* ShoppingBucketUITests */ = {
			isa = PBXGroup;
			children = (
				DAFE7EB822B7FBAE00A13051 /* ShoppingBucketUITests.m */,
				DAFE7EBA22B7FBAE00A13051 /* Info.plist */,
			);
			path = ShoppingBucketUITests;
			sourceTree = "<group>";
		};
/* End PBXGroup section */

/* Begin PBXNativeTarget section */
		DAFE7E9022B7FBAC00A13051 /* ShoppingBucket */ = {
			isa = PBXNativeTarget;
			buildConfigurationList = DAFE7EBD22B7FBAE00A13051 /* Build configuration list for PBXNativeTarget "ShoppingBucket" */;
			buildPhases = (
				DAFE7E8D22B7FBAC00A13051 /* Sources */,
				DAFE7E8E22B7FBAC00A13051 /* Frameworks */,
				DAFE7E8F22B7FBAC00A13051 /* Resources */,
			);
			buildRules = (
			);
			dependencies = (
			);
			name = ShoppingBucket;
			productName = ShoppingBucket;
			productReference = DAFE7E9122B7FBAC00A13051 /* ShoppingBucket.app */;
			productType = "com.apple.product-type.application";
		};
		DAFE7EA822B7FBAE00A13051 /* ShoppingBucketTests */ = {
			isa = PBXNativeTarget;
			buildConfigurationList = DAFE7EC022B7FBAE00A13051 /* Build configuration list for PBXNativeTarget "ShoppingBucketTests" */;
			buildPhases = (
				DAFE7EA522B7FBAE00A13051 /* Sources */,
				DAFE7EA622B7FBAE00A13051 /* Frameworks */,
				DAFE7EA722B7FBAE00A13051 /* Resources */,
			);
			buildRules = (
			);
			dependencies = (
				DAFE7EAB22B7FBAE00A13051 /* PBXTargetDependency */,
			);
			name = ShoppingBucketTests;
			productName = ShoppingBucketTests;
			productReference = DAFE7EA922B7FBAE00A13051 /* ShoppingBucketTests.xctest */;
			productType = "com.apple.product-type.bundle.unit-test";
		};
		DAFE7EB322B7FBAE00A13051 /* ShoppingBucketUITests */ = {
			isa = PBXNativeTarget;
			buildConfigurationList = DAFE7EC322B7FBAE00A13051 /* Build configuration list for PBXNativeTarget "ShoppingBucketUITests" */;
			buildPhases = (
				DAFE7EB022B7FBAE00A13051 /* Sources */,
				DAFE7EB122B7FBAE00A13051 /* Frameworks */,
				DAFE7EB222B7FBAE00A13051 /* Resources */,
			);
			buildRules = (
			);
			dependencies = (
				DAFE7EB622B7FBAE00A13051 /* PBXTargetDependency */,
			);
			name = ShoppingBucketUITests;
			productName = ShoppingBucketUITests;
			productReference = DAFE7EB422B7FBAE00A13051 /* ShoppingBucketUITests.xctest */;
			productType = "com.apple.product-type.bundle.ui-testing";
		};
/* End PBXNativeTarget section */

/* Begin PBXProject section */
		DAFE7E8922B7FBAC00A13051 /* Project object */ = {
			isa = PBXProject;
			attributes = {
				LastUpgradeCheck = 1020;
				ORGANIZATIONNAME = "PoHung Wang";
				TargetAttributes = {
					DAFE7E9022B7FBAC00A13051 = {
						CreatedOnToolsVersion = 10.2.1;
					};
					DAFE7EA822B7FBAE00A13051 = {
						CreatedOnToolsVersion = 10.2.1;
						TestTargetID = DAFE7E9022B7FBAC00A13051;
					};
					DAFE7EB322B7FBAE00A13051 = {
						CreatedOnToolsVersion = 10.2.1;
						TestTargetID = DAFE7E9022B7FBAC00A13051;
					};
				};
			};
			buildConfigurationList = DAFE7E8C22B7FBAC00A13051 /* Build configuration list for PBXProject "ShoppingBucket" */;
			compatibilityVersion = "Xcode 9.3";
			developmentRegion = en;
			hasScannedForEncodings = 0;
			knownRegions = (
				en,
				Base,
			);
			mainGroup = DAFE7E8822B7FBAC00A13051;
			productRefGroup = DAFE7E9222B7FBAC00A13051 /* Products */;
			projectDirPath = "";
			projectRoot = "";
			targets = (
				DAFE7E9022B7FBAC00A13051 /* ShoppingBucket */,
				DAFE7EA822B7FBAE00A13051 /* ShoppingBucketTests */,
				DAFE7EB322B7FBAE00A13051 /* ShoppingBucketUITests */,
			);
		};
/* End PBXProject section */

/* Begin PBXResourcesBuildPhase section */
		DAFE7E8F22B7FBAC00A13051 /* Resources */ = {
			isa = PBXResourcesBuildPhase;
			buildActionMask = 2147483647;
			files = (
				DAFE7F2122B87BEF00A13051 /* shopData.plist in Resources */,
				DAFE7EA122B7FBAE00A13051 /* LaunchScreen.storyboard in Resources */,
				DAFE7E9E22B7FBAE00A13051 /* Assets.xcassets in Resources */,
				DAFE7E9C22B7FBAC00A13051 /* Main.storyboard in Resources */,
			);
			runOnlyForDeploymentPostprocessing = 0;
		};
		DAFE7EA722B7FBAE00A13051 /* Resources */ = {
			isa = PBXResourcesBuildPhase;
			buildActionMask = 2147483647;
			files = (
			);
			runOnlyForDeploymentPostprocessing = 0;
		};
		DAFE7EB222B7FBAE00A13051 /* Resources */ = {
			isa = PBXResourcesBuildPhase;
			buildActionMask = 2147483647;
			files = (
			);
			runOnlyForDeploymentPostprocessing = 0;
		};
/* End PBXResourcesBuildPhase section */

/* Begin PBXSourcesBuildPhase section */
		DAFE7E8D22B7FBAC00A13051 /* Sources */ = {
			isa = PBXSourcesBuildPhase;
			buildActionMask = 2147483647;
			files = (
				DAFE7E9922B7FBAC00A13051 /* ViewController.m in Sources */,
				DAFE7ECB22B8724400A13051 /* Bucket.m in Sources */,
				DAFE7EA422B7FBAE00A13051 /* main.m in Sources */,
				DAFE7E9622B7FBAC00A13051 /* AppDelegate.m in Sources */,
			);
			runOnlyForDeploymentPostprocessing = 0;
		};
		DAFE7EA522B7FBAE00A13051 /* Sources */ = {
			isa = PBXSourcesBuildPhase;
			buildActionMask = 2147483647;
			files = (
				DAFE7EAE22B7FBAE00A13051 /* ShoppingBucketTests.m in Sources */,
			);
			runOnlyForDeploymentPostprocessing = 0;
		};
		DAFE7EB022B7FBAE00A13051 /* Sources */ = {
			isa = PBXSourcesBuildPhase;
			buildActionMask = 2147483647;
			files = (
				DAFE7EB922B7FBAE00A13051 /* ShoppingBucketUITests.m in Sources */,
			);
			runOnlyForDeploymentPostprocessing = 0;
		};
/* End PBXSourcesBuildPhase section */

/* Begin PBXTargetDependency section */
		DAFE7EAB22B7FBAE00A13051 /* PBXTargetDependency */ = {
			isa = PBXTargetDependency;
			target = DAFE7E9022B7FBAC00A13051 /* ShoppingBucket */;
			targetProxy = DAFE7EAA22B7FBAE00A13051 /* PBXContainerItemProxy */;
		};
		DAFE7EB622B7FBAE00A13051 /* PBXTargetDependency */ = {
			isa = PBXTargetDependency;
			target = DAFE7E9022B7FBAC00A13051 /* ShoppingBucket */;
			targetProxy = DAFE7EB522B7FBAE00A13051 /* PBXContainerItemProxy */;
		};
/* End PBXTargetDependency section */

/* Begin PBXVariantGroup section */
		DAFE7E9A22B7FBAC00A13051 /* Main.storyboard */ = {
			isa = PBXVariantGroup;
			children = (
				DAFE7E9B22B7FBAC00A13051 /* Base */,
			);
			name = Main.storyboard;
			sourceTree = "<group>";
		};
		DAFE7E9F22B7FBAE00A13051 /* LaunchScreen.storyboard */ = {
			isa = PBXVariantGroup;
			children = (
				DAFE7EA022B7FBAE00A13051 /* Base */,
			);
			name = LaunchScreen.storyboard;
			sourceTree = "<group>";
		};
/* End PBXVariantGroup section */

/* Begin XCBuildConfiguration section */
		DAFE7EBB22B7FBAE00A13051 /* Debug */ = {
			isa = XCBuildConfiguration;
			buildSettings = {
				ALWAYS_SEARCH_USER_PATHS = NO;
				CLANG_ANALYZER_NONNULL = YES;
				CLANG_ANALYZER_NUMBER_OBJECT_CONVERSION = YES_AGGRESSIVE;
				CLANG_CXX_LANGUAGE_STANDARD = "gnu++14";
				CLANG_CXX_LIBRARY = "libc++";
				CLANG_ENABLE_MODULES = YES;
				CLANG_ENABLE_OBJC_ARC = YES;
				CLANG_ENABLE_OBJC_WEAK = YES;
				CLANG_WARN_BLOCK_CAPTURE_AUTORELEASING = YES;
				CLANG_WARN_BOOL_CONVERSION = YES;
				CLANG_WARN_COMMA = YES;
				CLANG_WARN_CONSTANT_CONVERSION = YES;
				CLANG_WARN_DEPRECATED_OBJC_IMPLEMENTATIONS = YES;
				CLANG_WARN_DIRECT_OBJC_ISA_USAGE = YES_ERROR;
				CLANG_WARN_DOCUMENTATION_COMMENTS = YES;
				CLANG_WARN_EMPTY_BODY = YES;
				CLANG_WARN_ENUM_CONVERSION = YES;
				CLANG_WARN_INFINITE_RECURSION = YES;
				CLANG_WARN_INT_CONVERSION = YES;
				CLANG_WARN_NON_LITERAL_NULL_CONVERSION = YES;
				CLANG_WARN_OBJC_IMPLICIT_RETAIN_SELF = YES;
				CLANG_WARN_OBJC_LITERAL_CONVERSION = YES;
				CLANG_WARN_OBJC_ROOT_CLASS = YES_ERROR;
				CLANG_WARN_RANGE_LOOP_ANALYSIS = YES;
				CLANG_WARN_STRICT_PROTOTYPES = YES;
				CLANG_WARN_SUSPICIOUS_MOVE = YES;
				CLANG_WARN_UNGUARDED_AVAILABILITY = YES_AGGRESSIVE;
				CLANG_WARN_UNREACHABLE_CODE = YES;
				CLANG_WARN__DUPLICATE_METHOD_MATCH = YES;
				CODE_SIGN_IDENTITY = "iPhone Developer";
				COPY_PHASE_STRIP = NO;
				DEBUG_INFORMATION_FORMAT = dwarf;
				ENABLE_STRICT_OBJC_MSGSEND = YES;
				ENABLE_TESTABILITY = YES;
				GCC_C_LANGUAGE_STANDARD = gnu11;
				GCC_DYNAMIC_NO_PIC = NO;
				GCC_NO_COMMON_BLOCKS = YES;
				GCC_OPTIMIZATION_LEVEL = 0;
				GCC_PREPROCESSOR_DEFINITIONS = (
					"DEBUG=1",
					"$(inherited)",
				);
				GCC_WARN_64_TO_32_BIT_CONVERSION = YES;
				GCC_WARN_ABOUT_RETURN_TYPE = YES_ERROR;
				GCC_WARN_UNDECLARED_SELECTOR = YES;
				GCC_WARN_UNINITIALIZED_AUTOS = YES_AGGRESSIVE;
				GCC_WARN_UNUSED_FUNCTION = YES;
				GCC_WARN_UNUSED_VARIABLE = YES;
				IPHONEOS_DEPLOYMENT_TARGET = 12.2;
				MTL_ENABLE_DEBUG_INFO = INCLUDE_SOURCE;
				MTL_FAST_MATH = YES;
				ONLY_ACTIVE_ARCH = YES;
				SDKROOT = iphoneos;
			};
			name = Debug;
		};
		DAFE7EBC22B7FBAE00A13051 /* Release */ = {
			isa = XCBuildConfiguration;
			buildSettings = {
				ALWAYS_SEARCH_USER_PATHS = NO;
				CLANG_ANALYZER_NONNULL = YES;
				CLANG_ANALYZER_NUMBER_OBJECT_CONVERSION = YES_AGGRESSIVE;
				CLANG_CXX_LANGUAGE_STANDARD = "gnu++14";
				CLANG_CXX_LIBRARY = "libc++";
				CLANG_ENABLE_MODULES = YES;
				CLANG_ENABLE_OBJC_ARC = YES;
				CLANG_ENABLE_OBJC_WEAK = YES;
				CLANG_WARN_BLOCK_CAPTURE_AUTORELEASING = YES;
				CLANG_WARN_BOOL_CONVERSION = YES;
				CLANG_WARN_COMMA = YES;
				CLANG_WARN_CONSTANT_CONVERSION = YES;
				CLANG_WARN_DEPRECATED_OBJC_IMPLEMENTATIONS = YES;
				CLANG_WARN_DIRECT_OBJC_ISA_USAGE = YES_ERROR;
				CLANG_WARN_DOCUMENTATION_COMMENTS = YES;
				CLANG_WARN_EMPTY_BODY = YES;
				CLANG_WARN_ENUM_CONVERSION = YES;
				CLANG_WARN_INFINITE_RECURSION = YES;
				CLANG_WARN_INT_CONVERSION = YES;
				CLANG_WARN_NON_LITERAL_NULL_CONVERSION = YES;
				CLANG_WARN_OBJC_IMPLICIT_RETAIN_SELF = YES;
				CLANG_WARN_OBJC_LITERAL_CONVERSION = YES;
				CLANG_WARN_OBJC_ROOT_CLASS = YES_ERROR;
				CLANG_WARN_RANGE_LOOP_ANALYSIS = YES;
				CLANG_WARN_STRICT_PROTOTYPES = YES;
				CLANG_WARN_SUSPICIOUS_MOVE = YES;
				CLANG_WARN_UNGUARDED_AVAILABILITY = YES_AGGRESSIVE;
				CLANG_WARN_UNREACHABLE_CODE = YES;
				CLANG_WARN__DUPLICATE_METHOD_MATCH = YES;
				CODE_SIGN_IDENTITY = "iPhone Developer";
				COPY_PHASE_STRIP = NO;
				DEBUG_INFORMATION_FORMAT = "dwarf-with-dsym";
				ENABLE_NS_ASSERTIONS = NO;
				ENABLE_STRICT_OBJC_MSGSEND = YES;
				GCC_C_LANGUAGE_STANDARD = gnu11;
				GCC_NO_COMMON_BLOCKS = YES;
				GCC_WARN_64_TO_32_BIT_CONVERSION = YES;
				GCC_WARN_ABOUT_RETURN_TYPE = YES_ERROR;
				GCC_WARN_UNDECLARED_SELECTOR = YES;
				GCC_WARN_UNINITIALIZED_AUTOS = YES_AGGRESSIVE;
				GCC_WARN_UNUSED_FUNCTION = YES;
				GCC_WARN_UNUSED_VARIABLE = YES;
				IPHONEOS_DEPLOYMENT_TARGET = 12.2;
				MTL_ENABLE_DEBUG_INFO = NO;
				MTL_FAST_MATH = YES;
				SDKROOT = iphoneos;
				VALIDATE_PRODUCT = YES;
			};
			name = Release;
		};
		DAFE7EBE22B7FBAE00A13051 /* Debug */ = {
			isa = XCBuildConfiguration;
			buildSettings = {
				ASSETCATALOG_COMPILER_APPICON_NAME = AppIcon;
				CODE_SIGN_STYLE = Automatic;
				INFOPLIST_FILE = ShoppingBucket/Info.plist;
				LD_RUNPATH_SEARCH_PATHS = (
					"$(inherited)",
					"@executable_path/Frameworks",
				);
				PRODUCT_BUNDLE_IDENTIFIER = com.pwang4.sfsu.edu.ShoppingBucket;
				PRODUCT_NAME = "$(TARGET_NAME)";
				TARGETED_DEVICE_FAMILY = "1,2";
			};
			name = Debug;
		};
		DAFE7EBF22B7FBAE00A13051 /* Release */ = {
			isa = XCBuildConfiguration;
			buildSettings = {
				ASSETCATALOG_COMPILER_APPICON_NAME = AppIcon;
				CODE_SIGN_STYLE = Automatic;
				INFOPLIST_FILE = ShoppingBucket/Info.plist;
				LD_RUNPATH_SEARCH_PATHS = (
					"$(inherited)",
					"@executable_path/Frameworks",
				);
				PRODUCT_BUNDLE_IDENTIFIER = com.pwang4.sfsu.edu.ShoppingBucket;
				PRODUCT_NAME = "$(TARGET_NAME)";
				TARGETED_DEVICE_FAMILY = "1,2";
			};
			name = Release;
		};
		DAFE7EC122B7FBAE00A13051 /* Debug */ = {
			isa = XCBuildConfiguration;
			buildSettings = {
				BUNDLE_LOADER = "$(TEST_HOST)";
				CODE_SIGN_STYLE = Automatic;
				INFOPLIST_FILE = ShoppingBucketTests/Info.plist;
				LD_RUNPATH_SEARCH_PATHS = (
					"$(inherited)",
					"@executable_path/Frameworks",
					"@loader_path/Frameworks",
				);
				PRODUCT_BUNDLE_IDENTIFIER = com.pwang4.sfsu.edu.ShoppingBucketTests;
				PRODUCT_NAME = "$(TARGET_NAME)";
				TARGETED_DEVICE_FAMILY = "1,2";
				TEST_HOST = "$(BUILT_PRODUCTS_DIR)/ShoppingBucket.app/ShoppingBucket";
			};
			name = Debug;
		};
		DAFE7EC222B7FBAE00A13051 /* Release */ = {
			isa = XCBuildConfiguration;
			buildSettings = {
				BUNDLE_LOADER = "$(TEST_HOST)";
				CODE_SIGN_STYLE = Automatic;
				INFOPLIST_FILE = ShoppingBucketTests/Info.plist;
				LD_RUNPATH_SEARCH_PATHS = (
					"$(inherited)",
					"@executable_path/Frameworks",
					"@loader_path/Frameworks",
				);
				PRODUCT_BUNDLE_IDENTIFIER = com.pwang4.sfsu.edu.ShoppingBucketTests;
				PRODUCT_NAME = "$(TARGET_NAME)";
				TARGETED_DEVICE_FAMILY = "1,2";
				TEST_HOST = "$(BUILT_PRODUCTS_DIR)/ShoppingBucket.app/ShoppingBucket";
			};
			name = Release;
		};
		DAFE7EC422B7FBAE00A13051 /* Debug */ = {
			isa = XCBuildConfiguration;
			buildSettings = {
				CODE_SIGN_STYLE = Automatic;
				INFOPLIST_FILE = ShoppingBucketUITests/Info.plist;
				LD_RUNPATH_SEARCH_PATHS = (
					"$(inherited)",
					"@executable_path/Frameworks",
					"@loader_path/Frameworks",
				);
				PRODUCT_BUNDLE_IDENTIFIER = com.pwang4.sfsu.edu.ShoppingBucketUITests;
				PRODUCT_NAME = "$(TARGET_NAME)";
				TARGETED_DEVICE_FAMILY = "1,2";
				TEST_TARGET_NAME = ShoppingBucket;
			};
			name = Debug;
		};
		DAFE7EC522B7FBAE00A13051 /* Release */ = {
			isa = XCBuildConfiguration;
			buildSettings = {
				CODE_SIGN_STYLE = Automatic;
				INFOPLIST_FILE = ShoppingBucketUITests/Info.plist;
				LD_RUNPATH_SEARCH_PATHS = (
					"$(inherited)",
					"@executable_path/Frameworks",
					"@loader_path/Frameworks",
				);
				PRODUCT_BUNDLE_IDENTIFIER = com.pwang4.sfsu.edu.ShoppingBucketUITests;
				PRODUCT_NAME = "$(TARGET_NAME)";
				TARGETED_DEVICE_FAMILY = "1,2";
				TEST_TARGET_NAME = ShoppingBucket;
			};
			name = Release;
		};
/* End XCBuildConfiguration section */

/* Begin XCConfigurationList section */
		DAFE7E8C22B7FBAC00A13051 /* Build configuration list for PBXProject "ShoppingBucket" */ = {
			isa = XCConfigurationList;
			buildConfigurations = (
				DAFE7EBB22B7FBAE00A13051 /* Debug */,
				DAFE7EBC22B7FBAE00A13051 /* Release */,
			);
			defaultConfigurationIsVisible = 0;
			defaultConfigurationName = Release;
		};
		DAFE7EBD22B7FBAE00A13051 /* Build configuration list for PBXNativeTarget "ShoppingBucket" */ = {
			isa = XCConfigurationList;
			buildConfigurations = (
				DAFE7EBE22B7FBAE00A13051 /* Debug */,
				DAFE7EBF22B7FBAE00A13051 /* Release */,
			);
			defaultConfigurationIsVisible = 0;
			defaultConfigurationName = Release;
		};
		DAFE7EC022B7FBAE00A13051 /* Build configuration list for PBXNativeTarget "ShoppingBucketTests" */ = {
			isa = XCConfigurationList;
			buildConfigurations = (
				DAFE7EC122B7FBAE00A13051 /* Debug */,
				DAFE7EC222B7FBAE00A13051 /* Release */,
			);
			defaultConfigurationIsVisible = 0;
			defaultConfigurationName = Release;
		};
		DAFE7EC322B7FBAE00A13051 /* Build configuration list for PBXNativeTarget "ShoppingBucketUITests" */ = {
			isa = XCConfigurationList;
			buildConfigurations = (
				DAFE7EC422B7FBAE00A13051 /* Debug */,
				DAFE7EC522B7FBAE00A13051 /* Release */,
			);
			defaultConfigurationIsVisible = 0;
			defaultConfigurationName = Release;
		};
/* End XCConfigurationList section */
	};
	rootObject = DAFE7E8922B7FBAC00A13051 /* Project object */;
}
